
Microsoft Visual Studio Solution File, Format Version 12.00
# Visual Studio 15
VisualStudioVersion = 15.0.28307.539
MinimumVisualStudioVersion = 10.0.40219.1
Project("{2150E333-8FDC-42A3-9474-1A3956D46DE8}") = "Identity", "Identity", "{C5D8C271-1A8D-480F-B650-CB9EABC33F1A}"
EndProject
Project("{9A19103F-16F7-4668-BE54-9A1E7A4F7556}") = "Identity", "Identity\Identity.csproj", "{2BF11299-8FFE-4116-BE1C-64F7649B1AC9}"
EndProject
Project("{2150E333-8FDC-42A3-9474-1A3956D46DE8}") = "Tests", "Tests", "{81C9F619-D36B-43EF-BC6F-C0EAE00BD5F1}"
EndProject
Project("{2150E333-8FDC-42A3-9474-1A3956D46DE8}") = "Gateway", "Gateway", "{A051EB72-E6A4-4104-A320-CB11BFA6E3CD}"
EndProject
Project("{9A19103F-16F7-4668-BE54-9A1E7A4F7556}") = "Gateway", "Gateway\Gateway.csproj", "{7E1D6747-289E-459D-9249-644842DFE95E}"
EndProject
Project("{2150E333-8FDC-42A3-9474-1A3956D46DE8}") = "Wallet", "Wallet", "{D9F29641-E446-412B-A0A1-C5BF648A5884}"
EndProject
Project("{9A19103F-16F7-4668-BE54-9A1E7A4F7556}") = "Wallet", "Wallet\Wallet.csproj", "{CD346F92-9BCC-4FE6-86E8-4E74E40F4623}"
EndProject
Project("{2150E333-8FDC-42A3-9474-1A3956D46DE8}") = "Tests", "Tests", "{67308905-BB34-4788-BD00-14792A2C32A5}"
EndProject
Project("{2150E333-8FDC-42A3-9474-1A3956D46DE8}") = "Tests", "Tests", "{138C459A-09AC-4F87-92E0-D3BE73F1B79F}"
EndProject
Global
	GlobalSection(SolutionConfigurationPlatforms) = preSolution
		Debug|Any CPU = Debug|Any CPU
		Release|Any CPU = Release|Any CPU
	EndGlobalSection
	GlobalSection(ProjectConfigurationPlatforms) = postSolution
		{2BF11299-8FFE-4116-BE1C-64F7649B1AC9}.Debug|Any CPU.ActiveCfg = Debug|Any CPU
		{2BF11299-8FFE-4116-BE1C-64F7649B1AC9}.Debug|Any CPU.Build.0 = Debug|Any CPU
		{2BF11299-8FFE-4116-BE1C-64F7649B1AC9}.Release|Any CPU.ActiveCfg = Release|Any CPU
		{2BF11299-8FFE-4116-BE1C-64F7649B1AC9}.Release|Any CPU.Build.0 = Release|Any CPU
		{7E1D6747-289E-459D-9249-644842DFE95E}.Debug|Any CPU.ActiveCfg = Debug|Any CPU
		{7E1D6747-289E-459D-9249-644842DFE95E}.Debug|Any CPU.Build.0 = Debug|Any CPU
		{7E1D6747-289E-459D-9249-644842DFE95E}.Release|Any CPU.ActiveCfg = Release|Any CPU
		{7E1D6747-289E-459D-9249-644842DFE95E}.Release|Any CPU.Build.0 = Release|Any CPU
		{CD346F92-9BCC-4FE6-86E8-4E74E40F4623}.Debug|Any CPU.ActiveCfg = Debug|Any CPU
		{CD346F92-9BCC-4FE6-86E8-4E74E40F4623}.Debug|Any CPU.Build.0 = Debug|Any CPU
		{CD346F92-9BCC-4FE6-86E8-4E74E40F4623}.Release|Any CPU.ActiveCfg = Release|Any CPU
		{CD346F92-9BCC-4FE6-86E8-4E74E40F4623}.Release|Any CPU.Build.0 = Release|Any CPU
	EndGlobalSection
	GlobalSection(SolutionProperties) = preSolution
		HideSolutionNode = FALSE
	EndGlobalSection
	GlobalSection(NestedProjects) = preSolution
		{2BF11299-8FFE-4116-BE1C-64F7649B1AC9} = {C5D8C271-1A8D-480F-B650-CB9EABC33F1A}
		{81C9F619-D36B-43EF-BC6F-C0EAE00BD5F1} = {C5D8C271-1A8D-480F-B650-CB9EABC33F1A}
		{7E1D6747-289E-459D-9249-644842DFE95E} = {A051EB72-E6A4-4104-A320-CB11BFA6E3CD}
		{CD346F92-9BCC-4FE6-86E8-4E74E40F4623} = {D9F29641-E446-412B-A0A1-C5BF648A5884}
		{67308905-BB34-4788-BD00-14792A2C32A5} = {A051EB72-E6A4-4104-A320-CB11BFA6E3CD}
		{138C459A-09AC-4F87-92E0-D3BE73F1B79F} = {D9F29641-E446-412B-A0A1-C5BF648A5884}
	EndGlobalSection
	GlobalSection(ExtensibilityGlobals) = postSolution
		SolutionGuid = {DA7318D5-C404-40D5-A00B-4FDF7A15FBCE}
	EndGlobalSection
EndGlobal
