
Microsoft Visual Studio Solution File, Format Version 12.00
# Visual Studio Version 16
VisualStudioVersion = 16.0.28729.10
MinimumVisualStudioVersion = 10.0.40219.1
Project("{2150E333-8FDC-42A3-9474-1A3956D46DE8}") = "Identity", "Identity", "{C5D8C271-1A8D-480F-B650-CB9EABC33F1A}"
EndProject
Project("{2150E333-8FDC-42A3-9474-1A3956D46DE8}") = "Tests", "Tests", "{81C9F619-D36B-43EF-BC6F-C0EAE00BD5F1}"
EndProject
Project("{2150E333-8FDC-42A3-9474-1A3956D46DE8}") = "Gateway", "Gateway", "{A051EB72-E6A4-4104-A320-CB11BFA6E3CD}"
EndProject
Project("{2150E333-8FDC-42A3-9474-1A3956D46DE8}") = "Wallet", "Wallet", "{D9F29641-E446-412B-A0A1-C5BF648A5884}"
EndProject
Project("{2150E333-8FDC-42A3-9474-1A3956D46DE8}") = "Tests", "Tests", "{67308905-BB34-4788-BD00-14792A2C32A5}"
EndProject
Project("{2150E333-8FDC-42A3-9474-1A3956D46DE8}") = "Tests", "Tests", "{138C459A-09AC-4F87-92E0-D3BE73F1B79F}"
EndProject
Project("{9A19103F-16F7-4668-BE54-9A1E7A4F7556}") = "Gateway.Tests.Acceptance", "Gateway\Tests\Gateway.Tests.Acceptance\Gateway.Tests.Acceptance.csproj", "{64FD9E25-E04A-424C-8499-DF8EC166625B}"
EndProject
Project("{2150E333-8FDC-42A3-9474-1A3956D46DE8}") = "Solution Items", "Solution Items", "{B309C9FD-BCAE-45F0-BE49-0C8101A7FB4A}"
	ProjectSection(SolutionItems) = preProject
		.editorconfig = .editorconfig
	EndProjectSection
EndProject
Project("{FAE04EC0-301F-11D3-BF4B-00C04F79EFBC}") = "Wallet.Tests.Acceptance", "Wallet\Tests\Wallet.Tests.Acceptance\Wallet.Tests.Acceptance.csproj", "{A5803F8A-D1AA-453C-8D34-9C01F24DAED0}"
EndProject
Project("{FAE04EC0-301F-11D3-BF4B-00C04F79EFBC}") = "Wallet.Tests.Unit", "Wallet\Tests\Wallet.Tests.Unit\Wallet.Tests.Unit.csproj", "{AF9960F1-EC31-4F34-9CAE-C8288126585A}"
EndProject
Project("{FAE04EC0-301F-11D3-BF4B-00C04F79EFBC}") = "Wallet.Tests.Integration", "Wallet\Tests\Wallet.Tests.Integration\Wallet.Tests.Integration.csproj", "{27539B91-5E11-47D3-9898-DC92CF5ACFB7}"
EndProject
Project("{FAE04EC0-301F-11D3-BF4B-00C04F79EFBC}") = "Gateway.Tests.Unit", "Gateway\Tests\Gateway.Tests.Unit\Gateway.Tests.Unit.csproj", "{37453AB8-E7B8-4BE7-91FB-B596FD486D86}"
EndProject
Project("{FAE04EC0-301F-11D3-BF4B-00C04F79EFBC}") = "Gateway.Tests.Integration", "Gateway\Tests\Gateway.Tests.Integration\Gateway.Tests.Integration.csproj", "{A7513061-32F2-4A9E-80ED-D649C9AB2BE6}"
EndProject
Project("{FAE04EC0-301F-11D3-BF4B-00C04F79EFBC}") = "Identity.Tests.Acceptance", "Identity\Tests\Identity.Tests.Acceptance\Identity.Tests.Acceptance.csproj", "{7317D92D-135E-481E-A1C0-13BD6303B412}"
EndProject
Project("{FAE04EC0-301F-11D3-BF4B-00C04F79EFBC}") = "Identity.Tests.Integration", "Identity\Tests\Identity.Tests.Integration\Identity.Tests.Integration.csproj", "{E1034CE5-6480-4FD2-8F49-4D06141109E0}"
EndProject
Project("{FAE04EC0-301F-11D3-BF4B-00C04F79EFBC}") = "Identity.Tests.Unit", "Identity\Tests\Identity.Tests.Unit\Identity.Tests.Unit.csproj", "{D3EB5A7E-19B3-48B3-A75E-9800421BA6AE}"
EndProject
Project("{FAE04EC0-301F-11D3-BF4B-00C04F79EFBC}") = "Wallet.Stellar", "Wallet\Wallet.Stellar\Wallet.Stellar.csproj", "{B976F5A0-3FD2-4405-95D7-C48D5C2FBFCB}"
EndProject
Project("{9A19103F-16F7-4668-BE54-9A1E7A4F7556}") = "Wallet.API", "Wallet\Wallet.API\Wallet.API.csproj", "{CB0951D4-4363-4FEC-BD7F-B80076EC7AC1}"
EndProject
Project("{FAE04EC0-301F-11D3-BF4B-00C04F79EFBC}") = "Wallet.Core", "Wallet\Wallet.Core\Wallet.Core.csproj", "{53BA2E7E-7AD4-442D-A07B-B8772E0CB12D}"
EndProject
Project("{9A19103F-16F7-4668-BE54-9A1E7A4F7556}") = "Gateway.API", "Gateway\Gateway.API\Gateway.API.csproj", "{53B112B3-E941-4719-A05A-C086E0824530}"
EndProject
Project("{9A19103F-16F7-4668-BE54-9A1E7A4F7556}") = "Identity.API", "Identity\Identity.API\Identity.API.csproj", "{2CDFF600-B643-43C4-986B-3F59F6E5DC9A}"
EndProject
Global
	GlobalSection(SolutionConfigurationPlatforms) = preSolution
		Debug|Any CPU = Debug|Any CPU
		Release|Any CPU = Release|Any CPU
	EndGlobalSection
	GlobalSection(ProjectConfigurationPlatforms) = postSolution
		{64FD9E25-E04A-424C-8499-DF8EC166625B}.Debug|Any CPU.ActiveCfg = Debug|Any CPU
		{64FD9E25-E04A-424C-8499-DF8EC166625B}.Debug|Any CPU.Build.0 = Debug|Any CPU
		{64FD9E25-E04A-424C-8499-DF8EC166625B}.Release|Any CPU.ActiveCfg = Release|Any CPU
		{64FD9E25-E04A-424C-8499-DF8EC166625B}.Release|Any CPU.Build.0 = Release|Any CPU
		{A5803F8A-D1AA-453C-8D34-9C01F24DAED0}.Debug|Any CPU.ActiveCfg = Debug|Any CPU
		{A5803F8A-D1AA-453C-8D34-9C01F24DAED0}.Debug|Any CPU.Build.0 = Debug|Any CPU
		{A5803F8A-D1AA-453C-8D34-9C01F24DAED0}.Release|Any CPU.ActiveCfg = Release|Any CPU
		{A5803F8A-D1AA-453C-8D34-9C01F24DAED0}.Release|Any CPU.Build.0 = Release|Any CPU
		{AF9960F1-EC31-4F34-9CAE-C8288126585A}.Debug|Any CPU.ActiveCfg = Debug|Any CPU
		{AF9960F1-EC31-4F34-9CAE-C8288126585A}.Debug|Any CPU.Build.0 = Debug|Any CPU
		{AF9960F1-EC31-4F34-9CAE-C8288126585A}.Release|Any CPU.ActiveCfg = Release|Any CPU
		{AF9960F1-EC31-4F34-9CAE-C8288126585A}.Release|Any CPU.Build.0 = Release|Any CPU
		{27539B91-5E11-47D3-9898-DC92CF5ACFB7}.Debug|Any CPU.ActiveCfg = Debug|Any CPU
		{27539B91-5E11-47D3-9898-DC92CF5ACFB7}.Debug|Any CPU.Build.0 = Debug|Any CPU
		{27539B91-5E11-47D3-9898-DC92CF5ACFB7}.Release|Any CPU.ActiveCfg = Release|Any CPU
		{27539B91-5E11-47D3-9898-DC92CF5ACFB7}.Release|Any CPU.Build.0 = Release|Any CPU
		{37453AB8-E7B8-4BE7-91FB-B596FD486D86}.Debug|Any CPU.ActiveCfg = Debug|Any CPU
		{37453AB8-E7B8-4BE7-91FB-B596FD486D86}.Debug|Any CPU.Build.0 = Debug|Any CPU
		{37453AB8-E7B8-4BE7-91FB-B596FD486D86}.Release|Any CPU.ActiveCfg = Release|Any CPU
		{37453AB8-E7B8-4BE7-91FB-B596FD486D86}.Release|Any CPU.Build.0 = Release|Any CPU
		{A7513061-32F2-4A9E-80ED-D649C9AB2BE6}.Debug|Any CPU.ActiveCfg = Debug|Any CPU
		{A7513061-32F2-4A9E-80ED-D649C9AB2BE6}.Debug|Any CPU.Build.0 = Debug|Any CPU
		{A7513061-32F2-4A9E-80ED-D649C9AB2BE6}.Release|Any CPU.ActiveCfg = Release|Any CPU
		{A7513061-32F2-4A9E-80ED-D649C9AB2BE6}.Release|Any CPU.Build.0 = Release|Any CPU
		{7317D92D-135E-481E-A1C0-13BD6303B412}.Debug|Any CPU.ActiveCfg = Debug|Any CPU
		{7317D92D-135E-481E-A1C0-13BD6303B412}.Debug|Any CPU.Build.0 = Debug|Any CPU
		{7317D92D-135E-481E-A1C0-13BD6303B412}.Release|Any CPU.ActiveCfg = Release|Any CPU
		{7317D92D-135E-481E-A1C0-13BD6303B412}.Release|Any CPU.Build.0 = Release|Any CPU
		{E1034CE5-6480-4FD2-8F49-4D06141109E0}.Debug|Any CPU.ActiveCfg = Debug|Any CPU
		{E1034CE5-6480-4FD2-8F49-4D06141109E0}.Debug|Any CPU.Build.0 = Debug|Any CPU
		{E1034CE5-6480-4FD2-8F49-4D06141109E0}.Release|Any CPU.ActiveCfg = Release|Any CPU
		{E1034CE5-6480-4FD2-8F49-4D06141109E0}.Release|Any CPU.Build.0 = Release|Any CPU
		{D3EB5A7E-19B3-48B3-A75E-9800421BA6AE}.Debug|Any CPU.ActiveCfg = Debug|Any CPU
		{D3EB5A7E-19B3-48B3-A75E-9800421BA6AE}.Debug|Any CPU.Build.0 = Debug|Any CPU
		{D3EB5A7E-19B3-48B3-A75E-9800421BA6AE}.Release|Any CPU.ActiveCfg = Release|Any CPU
		{D3EB5A7E-19B3-48B3-A75E-9800421BA6AE}.Release|Any CPU.Build.0 = Release|Any CPU
		{B976F5A0-3FD2-4405-95D7-C48D5C2FBFCB}.Debug|Any CPU.ActiveCfg = Debug|Any CPU
		{B976F5A0-3FD2-4405-95D7-C48D5C2FBFCB}.Debug|Any CPU.Build.0 = Debug|Any CPU
		{B976F5A0-3FD2-4405-95D7-C48D5C2FBFCB}.Release|Any CPU.ActiveCfg = Release|Any CPU
		{B976F5A0-3FD2-4405-95D7-C48D5C2FBFCB}.Release|Any CPU.Build.0 = Release|Any CPU
		{CB0951D4-4363-4FEC-BD7F-B80076EC7AC1}.Debug|Any CPU.ActiveCfg = Debug|Any CPU
		{CB0951D4-4363-4FEC-BD7F-B80076EC7AC1}.Debug|Any CPU.Build.0 = Debug|Any CPU
		{CB0951D4-4363-4FEC-BD7F-B80076EC7AC1}.Release|Any CPU.ActiveCfg = Release|Any CPU
		{CB0951D4-4363-4FEC-BD7F-B80076EC7AC1}.Release|Any CPU.Build.0 = Release|Any CPU
		{53BA2E7E-7AD4-442D-A07B-B8772E0CB12D}.Debug|Any CPU.ActiveCfg = Debug|Any CPU
		{53BA2E7E-7AD4-442D-A07B-B8772E0CB12D}.Debug|Any CPU.Build.0 = Debug|Any CPU
		{53BA2E7E-7AD4-442D-A07B-B8772E0CB12D}.Release|Any CPU.ActiveCfg = Release|Any CPU
		{53BA2E7E-7AD4-442D-A07B-B8772E0CB12D}.Release|Any CPU.Build.0 = Release|Any CPU
		{53B112B3-E941-4719-A05A-C086E0824530}.Debug|Any CPU.ActiveCfg = Debug|Any CPU
		{53B112B3-E941-4719-A05A-C086E0824530}.Debug|Any CPU.Build.0 = Debug|Any CPU
		{53B112B3-E941-4719-A05A-C086E0824530}.Release|Any CPU.ActiveCfg = Release|Any CPU
		{53B112B3-E941-4719-A05A-C086E0824530}.Release|Any CPU.Build.0 = Release|Any CPU
		{2CDFF600-B643-43C4-986B-3F59F6E5DC9A}.Debug|Any CPU.ActiveCfg = Debug|Any CPU
		{2CDFF600-B643-43C4-986B-3F59F6E5DC9A}.Debug|Any CPU.Build.0 = Debug|Any CPU
		{2CDFF600-B643-43C4-986B-3F59F6E5DC9A}.Release|Any CPU.ActiveCfg = Release|Any CPU
		{2CDFF600-B643-43C4-986B-3F59F6E5DC9A}.Release|Any CPU.Build.0 = Release|Any CPU
	EndGlobalSection
	GlobalSection(SolutionProperties) = preSolution
		HideSolutionNode = FALSE
	EndGlobalSection
	GlobalSection(NestedProjects) = preSolution
		{81C9F619-D36B-43EF-BC6F-C0EAE00BD5F1} = {C5D8C271-1A8D-480F-B650-CB9EABC33F1A}
		{67308905-BB34-4788-BD00-14792A2C32A5} = {A051EB72-E6A4-4104-A320-CB11BFA6E3CD}
		{138C459A-09AC-4F87-92E0-D3BE73F1B79F} = {D9F29641-E446-412B-A0A1-C5BF648A5884}
		{64FD9E25-E04A-424C-8499-DF8EC166625B} = {67308905-BB34-4788-BD00-14792A2C32A5}
		{A5803F8A-D1AA-453C-8D34-9C01F24DAED0} = {138C459A-09AC-4F87-92E0-D3BE73F1B79F}
		{AF9960F1-EC31-4F34-9CAE-C8288126585A} = {138C459A-09AC-4F87-92E0-D3BE73F1B79F}
		{27539B91-5E11-47D3-9898-DC92CF5ACFB7} = {138C459A-09AC-4F87-92E0-D3BE73F1B79F}
		{37453AB8-E7B8-4BE7-91FB-B596FD486D86} = {67308905-BB34-4788-BD00-14792A2C32A5}
		{A7513061-32F2-4A9E-80ED-D649C9AB2BE6} = {67308905-BB34-4788-BD00-14792A2C32A5}
		{7317D92D-135E-481E-A1C0-13BD6303B412} = {81C9F619-D36B-43EF-BC6F-C0EAE00BD5F1}
		{E1034CE5-6480-4FD2-8F49-4D06141109E0} = {81C9F619-D36B-43EF-BC6F-C0EAE00BD5F1}
		{D3EB5A7E-19B3-48B3-A75E-9800421BA6AE} = {81C9F619-D36B-43EF-BC6F-C0EAE00BD5F1}
		{B976F5A0-3FD2-4405-95D7-C48D5C2FBFCB} = {D9F29641-E446-412B-A0A1-C5BF648A5884}
		{CB0951D4-4363-4FEC-BD7F-B80076EC7AC1} = {D9F29641-E446-412B-A0A1-C5BF648A5884}
		{53BA2E7E-7AD4-442D-A07B-B8772E0CB12D} = {D9F29641-E446-412B-A0A1-C5BF648A5884}
		{53B112B3-E941-4719-A05A-C086E0824530} = {A051EB72-E6A4-4104-A320-CB11BFA6E3CD}
		{2CDFF600-B643-43C4-986B-3F59F6E5DC9A} = {C5D8C271-1A8D-480F-B650-CB9EABC33F1A}
	EndGlobalSection
	GlobalSection(ExtensibilityGlobals) = postSolution
		SolutionGuid = {DA7318D5-C404-40D5-A00B-4FDF7A15FBCE}
	EndGlobalSection
EndGlobal
